// !$*UTF8*$!
{
	archiveVersion = 1;
	classes = {
	};
	objectVersion = 56;
	objects = {

/* Begin PBXBuildFile section */
		B1C315772C635F0900B9CD2E /* GymoryxApp.swift in Sources */ = {isa = PBXBuildFile; fileRef = B1C315762C635F0900B9CD2E /* GymoryxApp.swift */; };
		B1C315792C635F0900B9CD2E /* ContentView.swift in Sources */ = {isa = PBXBuildFile; fileRef = B1C315782C635F0900B9CD2E /* ContentView.swift */; };
		B1C3157B2C635F0B00B9CD2E /* Assets.xcassets in Resources */ = {isa = PBXBuildFile; fileRef = B1C3157A2C635F0B00B9CD2E /* Assets.xcassets */; };
		B1C3157E2C635F0B00B9CD2E /* Preview Assets.xcassets in Resources */ = {isa = PBXBuildFile; fileRef = B1C3157D2C635F0B00B9CD2E /* Preview Assets.xcassets */; };
		B1C315882C635F0B00B9CD2E /* GymoryxTests.swift in Sources */ = {isa = PBXBuildFile; fileRef = B1C315872C635F0B00B9CD2E /* GymoryxTests.swift */; };
		B1C315922C635F0B00B9CD2E /* GymoryxUITests.swift in Sources */ = {isa = PBXBuildFile; fileRef = B1C315912C635F0B00B9CD2E /* GymoryxUITests.swift */; };
		B1C315942C635F0B00B9CD2E /* GymoryxUITestsLaunchTests.swift in Sources */ = {isa = PBXBuildFile; fileRef = B1C315932C635F0B00B9CD2E /* GymoryxUITestsLaunchTests.swift */; };

		B1C315A12C63C1C500B9CD2E /* SetGenderView.swift in Sources */ = {isa = PBXBuildFile; fileRef = B1C315A02C63C1C500B9CD2E /* SetGenderView.swift */; };
		B1C315A32C63C99700B9CD2E /* SetBodyFatMaleView.swift in Sources */ = {isa = PBXBuildFile; fileRef = B1C315A22C63C99700B9CD2E /* SetBodyFatMaleView.swift */; };
		B1C315BF2C63F72F00B9CD2E /* SplashScreenTabBar.swift in Sources */ = {isa = PBXBuildFile; fileRef = B1C315BE2C63F72F00B9CD2E /* SplashScreenTabBar.swift */; };
		B1C315C12C63F87200B9CD2E /* SplashScreenOne.swift in Sources */ = {isa = PBXBuildFile; fileRef = B1C315C02C63F87200B9CD2E /* SplashScreenOne.swift */; };
		B1C315C32C63F9B100B9CD2E /* SplashScreenTwo.swift in Sources */ = {isa = PBXBuildFile; fileRef = B1C315C22C63F9B100B9CD2E /* SplashScreenTwo.swift */; };
		B1C315C52C63FA3800B9CD2E /* SplashScreenThree.swift in Sources */ = {isa = PBXBuildFile; fileRef = B1C315C42C63FA3800B9CD2E /* SplashScreenThree.swift */; };
		BBAFA9372C63AD8700DCE4FF /* loginScreen.swift in Sources */ = {isa = PBXBuildFile; fileRef = BBAFA9362C63AD8700DCE4FF /* loginScreen.swift */; };
		BBAFA9392C64201400DCE4FF /* SetBodyMeasurement.swift in Sources */ = {isa = PBXBuildFile; fileRef = BBAFA9382C64201400DCE4FF /* SetBodyMeasurement.swift */; };
		BBAFA93B2C64207600DCE4FF /* SetYourGoal.swift in Sources */ = {isa = PBXBuildFile; fileRef = BBAFA93A2C64207600DCE4FF /* SetYourGoal.swift */; };

/* End PBXBuildFile section */

/* Begin PBXContainerItemProxy section */
		B1C315842C635F0B00B9CD2E /* PBXContainerItemProxy */ = {
			isa = PBXContainerItemProxy;
			containerPortal = B1C3156B2C635F0900B9CD2E /* Project object */;
			proxyType = 1;
			remoteGlobalIDString = B1C315722C635F0900B9CD2E;
			remoteInfo = Gymoryx;
		};
		B1C3158E2C635F0B00B9CD2E /* PBXContainerItemProxy */ = {
			isa = PBXContainerItemProxy;
			containerPortal = B1C3156B2C635F0900B9CD2E /* Project object */;
			proxyType = 1;
			remoteGlobalIDString = B1C315722C635F0900B9CD2E;
			remoteInfo = Gymoryx;
		};
/* End PBXContainerItemProxy section */

/* Begin PBXFileReference section */
		B1C315732C635F0900B9CD2E /* Gymoryx.app */ = {isa = PBXFileReference; explicitFileType = wrapper.application; includeInIndex = 0; path = Gymoryx.app; sourceTree = BUILT_PRODUCTS_DIR; };
		B1C315762C635F0900B9CD2E /* GymoryxApp.swift */ = {isa = PBXFileReference; lastKnownFileType = sourcecode.swift; path = GymoryxApp.swift; sourceTree = "<group>"; };
		B1C315782C635F0900B9CD2E /* ContentView.swift */ = {isa = PBXFileReference; lastKnownFileType = sourcecode.swift; path = ContentView.swift; sourceTree = "<group>"; };
		B1C3157A2C635F0B00B9CD2E /* Assets.xcassets */ = {isa = PBXFileReference; lastKnownFileType = folder.assetcatalog; path = Assets.xcassets; sourceTree = "<group>"; };
		B1C3157D2C635F0B00B9CD2E /* Preview Assets.xcassets */ = {isa = PBXFileReference; lastKnownFileType = folder.assetcatalog; path = "Preview Assets.xcassets"; sourceTree = "<group>"; };
		B1C315832C635F0B00B9CD2E /* GymoryxTests.xctest */ = {isa = PBXFileReference; explicitFileType = wrapper.cfbundle; includeInIndex = 0; path = GymoryxTests.xctest; sourceTree = BUILT_PRODUCTS_DIR; };
		B1C315872C635F0B00B9CD2E /* GymoryxTests.swift */ = {isa = PBXFileReference; lastKnownFileType = sourcecode.swift; path = GymoryxTests.swift; sourceTree = "<group>"; };
		B1C3158D2C635F0B00B9CD2E /* GymoryxUITests.xctest */ = {isa = PBXFileReference; explicitFileType = wrapper.cfbundle; includeInIndex = 0; path = GymoryxUITests.xctest; sourceTree = BUILT_PRODUCTS_DIR; };
		B1C315912C635F0B00B9CD2E /* GymoryxUITests.swift */ = {isa = PBXFileReference; lastKnownFileType = sourcecode.swift; path = GymoryxUITests.swift; sourceTree = "<group>"; };
		B1C315932C635F0B00B9CD2E /* GymoryxUITestsLaunchTests.swift */ = {isa = PBXFileReference; lastKnownFileType = sourcecode.swift; path = GymoryxUITestsLaunchTests.swift; sourceTree = "<group>"; };

		B1C315A02C63C1C500B9CD2E /* SetGenderView.swift */ = {isa = PBXFileReference; lastKnownFileType = sourcecode.swift; path = SetGenderView.swift; sourceTree = "<group>"; };
		B1C315A22C63C99700B9CD2E /* SetBodyFatMaleView.swift */ = {isa = PBXFileReference; lastKnownFileType = sourcecode.swift; path = SetBodyFatMaleView.swift; sourceTree = "<group>"; };
		B1C315BE2C63F72F00B9CD2E /* SplashScreenTabBar.swift */ = {isa = PBXFileReference; lastKnownFileType = sourcecode.swift; path = SplashScreenTabBar.swift; sourceTree = "<group>"; };
		B1C315C02C63F87200B9CD2E /* SplashScreenOne.swift */ = {isa = PBXFileReference; lastKnownFileType = sourcecode.swift; path = SplashScreenOne.swift; sourceTree = "<group>"; };
		B1C315C22C63F9B100B9CD2E /* SplashScreenTwo.swift */ = {isa = PBXFileReference; lastKnownFileType = sourcecode.swift; path = SplashScreenTwo.swift; sourceTree = "<group>"; };
		B1C315C42C63FA3800B9CD2E /* SplashScreenThree.swift */ = {isa = PBXFileReference; lastKnownFileType = sourcecode.swift; path = SplashScreenThree.swift; sourceTree = "<group>"; };

		BBAFA9362C63AD8700DCE4FF /* loginScreen.swift */ = {isa = PBXFileReference; lastKnownFileType = sourcecode.swift; path = loginScreen.swift; sourceTree = "<group>"; };
		BBAFA9382C64201400DCE4FF /* SetBodyMeasurement.swift */ = {isa = PBXFileReference; lastKnownFileType = sourcecode.swift; path = SetBodyMeasurement.swift; sourceTree = "<group>"; };
		BBAFA93A2C64207600DCE4FF /* SetYourGoal.swift */ = {isa = PBXFileReference; lastKnownFileType = sourcecode.swift; path = SetYourGoal.swift; sourceTree = "<group>"; };

/* End PBXFileReference section */

/* Begin PBXFrameworksBuildPhase section */
		B1C315702C635F0900B9CD2E /* Frameworks */ = {
			isa = PBXFrameworksBuildPhase;
			buildActionMask = 2147483647;
			files = (
			);
			runOnlyForDeploymentPostprocessing = 0;
		};
		B1C315802C635F0B00B9CD2E /* Frameworks */ = {
			isa = PBXFrameworksBuildPhase;
			buildActionMask = 2147483647;
			files = (
			);
			runOnlyForDeploymentPostprocessing = 0;
		};
		B1C3158A2C635F0B00B9CD2E /* Frameworks */ = {
			isa = PBXFrameworksBuildPhase;
			buildActionMask = 2147483647;
			files = (
			);
			runOnlyForDeploymentPostprocessing = 0;
		};
/* End PBXFrameworksBuildPhase section */

/* Begin PBXGroup section */
		B1C3156A2C635F0900B9CD2E = {
			isa = PBXGroup;
			children = (
				B1C315752C635F0900B9CD2E /* Gymoryx */,
				B1C315862C635F0B00B9CD2E /* GymoryxTests */,
				B1C315902C635F0B00B9CD2E /* GymoryxUITests */,
				B1C315742C635F0900B9CD2E /* Products */,
			);
			sourceTree = "<group>";
		};
		B1C315742C635F0900B9CD2E /* Products */ = {
			isa = PBXGroup;
			children = (
				B1C315732C635F0900B9CD2E /* Gymoryx.app */,
				B1C315832C635F0B00B9CD2E /* GymoryxTests.xctest */,
				B1C3158D2C635F0B00B9CD2E /* GymoryxUITests.xctest */,
			);
			name = Products;
			sourceTree = "<group>";
		};
		B1C315752C635F0900B9CD2E /* Gymoryx */ = {
			isa = PBXGroup;
			children = (
				B1C315762C635F0900B9CD2E /* GymoryxApp.swift */,
				B1C315782C635F0900B9CD2E /* ContentView.swift */,

				B1C315BE2C63F72F00B9CD2E /* SplashScreenTabBar.swift */,
				B1C315C02C63F87200B9CD2E /* SplashScreenOne.swift */,
				B1C315C22C63F9B100B9CD2E /* SplashScreenTwo.swift */,
				B1C315C42C63FA3800B9CD2E /* SplashScreenThree.swift */,
				B1C315A02C63C1C500B9CD2E /* SetGenderView.swift */,
				B1C315A22C63C99700B9CD2E /* SetBodyFatMaleView.swift */,

				BBAFA9362C63AD8700DCE4FF /* loginScreen.swift */,
				BBAFA9382C64201400DCE4FF /* SetBodyMeasurement.swift */,
				BBAFA93A2C64207600DCE4FF /* SetYourGoal.swift */,

				B1C3157A2C635F0B00B9CD2E /* Assets.xcassets */,
				B1C3157C2C635F0B00B9CD2E /* Preview Content */,
			);
			path = Gymoryx;
			sourceTree = "<group>";
		};
		B1C3157C2C635F0B00B9CD2E /* Preview Content */ = {
			isa = PBXGroup;
			children = (
				B1C3157D2C635F0B00B9CD2E /* Preview Assets.xcassets */,
			);
			path = "Preview Content";
			sourceTree = "<group>";
		};
		B1C315862C635F0B00B9CD2E /* GymoryxTests */ = {
			isa = PBXGroup;
			children = (
				B1C315872C635F0B00B9CD2E /* GymoryxTests.swift */,
			);
			path = GymoryxTests;
			sourceTree = "<group>";
		};
		B1C315902C635F0B00B9CD2E /* GymoryxUITests */ = {
			isa = PBXGroup;
			children = (
				B1C315912C635F0B00B9CD2E /* GymoryxUITests.swift */,
				B1C315932C635F0B00B9CD2E /* GymoryxUITestsLaunchTests.swift */,
			);
			path = GymoryxUITests;
			sourceTree = "<group>";
		};
/* End PBXGroup section */

/* Begin PBXNativeTarget section */
		B1C315722C635F0900B9CD2E /* Gymoryx */ = {
			isa = PBXNativeTarget;
			buildConfigurationList = B1C315972C635F0B00B9CD2E /* Build configuration list for PBXNativeTarget "Gymoryx" */;
			buildPhases = (
				B1C3156F2C635F0900B9CD2E /* Sources */,
				B1C315702C635F0900B9CD2E /* Frameworks */,
				B1C315712C635F0900B9CD2E /* Resources */,
			);
			buildRules = (
			);
			dependencies = (
			);
			name = Gymoryx;
			productName = Gymoryx;
			productReference = B1C315732C635F0900B9CD2E /* Gymoryx.app */;
			productType = "com.apple.product-type.application";
		};
		B1C315822C635F0B00B9CD2E /* GymoryxTests */ = {
			isa = PBXNativeTarget;
			buildConfigurationList = B1C3159A2C635F0B00B9CD2E /* Build configuration list for PBXNativeTarget "GymoryxTests" */;
			buildPhases = (
				B1C3157F2C635F0B00B9CD2E /* Sources */,
				B1C315802C635F0B00B9CD2E /* Frameworks */,
				B1C315812C635F0B00B9CD2E /* Resources */,
			);
			buildRules = (
			);
			dependencies = (
				B1C315852C635F0B00B9CD2E /* PBXTargetDependency */,
			);
			name = GymoryxTests;
			productName = GymoryxTests;
			productReference = B1C315832C635F0B00B9CD2E /* GymoryxTests.xctest */;
			productType = "com.apple.product-type.bundle.unit-test";
		};
		B1C3158C2C635F0B00B9CD2E /* GymoryxUITests */ = {
			isa = PBXNativeTarget;
			buildConfigurationList = B1C3159D2C635F0B00B9CD2E /* Build configuration list for PBXNativeTarget "GymoryxUITests" */;
			buildPhases = (
				B1C315892C635F0B00B9CD2E /* Sources */,
				B1C3158A2C635F0B00B9CD2E /* Frameworks */,
				B1C3158B2C635F0B00B9CD2E /* Resources */,
			);
			buildRules = (
			);
			dependencies = (
				B1C3158F2C635F0B00B9CD2E /* PBXTargetDependency */,
			);
			name = GymoryxUITests;
			productName = GymoryxUITests;
			productReference = B1C3158D2C635F0B00B9CD2E /* GymoryxUITests.xctest */;
			productType = "com.apple.product-type.bundle.ui-testing";
		};
/* End PBXNativeTarget section */

/* Begin PBXProject section */
		B1C3156B2C635F0900B9CD2E /* Project object */ = {
			isa = PBXProject;
			attributes = {
				BuildIndependentTargetsInParallel = 1;
				LastSwiftUpdateCheck = 1540;
				LastUpgradeCheck = 1540;
				TargetAttributes = {
					B1C315722C635F0900B9CD2E = {
						CreatedOnToolsVersion = 15.4;
					};
					B1C315822C635F0B00B9CD2E = {
						CreatedOnToolsVersion = 15.4;
						TestTargetID = B1C315722C635F0900B9CD2E;
					};
					B1C3158C2C635F0B00B9CD2E = {
						CreatedOnToolsVersion = 15.4;
						TestTargetID = B1C315722C635F0900B9CD2E;
					};
				};
			};
			buildConfigurationList = B1C3156E2C635F0900B9CD2E /* Build configuration list for PBXProject "Gymoryx" */;
			compatibilityVersion = "Xcode 14.0";
			developmentRegion = en;
			hasScannedForEncodings = 0;
			knownRegions = (
				en,
				Base,
			);
			mainGroup = B1C3156A2C635F0900B9CD2E;
			productRefGroup = B1C315742C635F0900B9CD2E /* Products */;
			projectDirPath = "";
			projectRoot = "";
			targets = (
				B1C315722C635F0900B9CD2E /* Gymoryx */,
				B1C315822C635F0B00B9CD2E /* GymoryxTests */,
				B1C3158C2C635F0B00B9CD2E /* GymoryxUITests */,
			);
		};
/* End PBXProject section */

/* Begin PBXResourcesBuildPhase section */
		B1C315712C635F0900B9CD2E /* Resources */ = {
			isa = PBXResourcesBuildPhase;
			buildActionMask = 2147483647;
			files = (
				B1C3157E2C635F0B00B9CD2E /* Preview Assets.xcassets in Resources */,
				B1C3157B2C635F0B00B9CD2E /* Assets.xcassets in Resources */,
			);
			runOnlyForDeploymentPostprocessing = 0;
		};
		B1C315812C635F0B00B9CD2E /* Resources */ = {
			isa = PBXResourcesBuildPhase;
			buildActionMask = 2147483647;
			files = (
			);
			runOnlyForDeploymentPostprocessing = 0;
		};
		B1C3158B2C635F0B00B9CD2E /* Resources */ = {
			isa = PBXResourcesBuildPhase;
			buildActionMask = 2147483647;
			files = (
			);
			runOnlyForDeploymentPostprocessing = 0;
		};
/* End PBXResourcesBuildPhase section */

/* Begin PBXSourcesBuildPhase section */
		B1C3156F2C635F0900B9CD2E /* Sources */ = {
			isa = PBXSourcesBuildPhase;
			buildActionMask = 2147483647;
			files = (

				B1C315BF2C63F72F00B9CD2E /* SplashScreenTabBar.swift in Sources */,

				BBAFA93B2C64207600DCE4FF /* SetYourGoal.swift in Sources */,
				BBAFA9372C63AD8700DCE4FF /* loginScreen.swift in Sources */,

				B1C315792C635F0900B9CD2E /* ContentView.swift in Sources */,
				B1C315A12C63C1C500B9CD2E /* SetGenderView.swift in Sources */,
				B1C315A32C63C99700B9CD2E /* SetBodyFatMaleView.swift in Sources */,
				B1C315C32C63F9B100B9CD2E /* SplashScreenTwo.swift in Sources */,
				B1C315C52C63FA3800B9CD2E /* SplashScreenThree.swift in Sources */,
				B1C315772C635F0900B9CD2E /* GymoryxApp.swift in Sources */,

				B1C315C12C63F87200B9CD2E /* SplashScreenOne.swift in Sources */,

				BBAFA9392C64201400DCE4FF /* SetBodyMeasurement.swift in Sources */,

			);
			runOnlyForDeploymentPostprocessing = 0;
		};
		B1C3157F2C635F0B00B9CD2E /* Sources */ = {
			isa = PBXSourcesBuildPhase;
			buildActionMask = 2147483647;
			files = (
				B1C315882C635F0B00B9CD2E /* GymoryxTests.swift in Sources */,
			);
			runOnlyForDeploymentPostprocessing = 0;
		};
		B1C315892C635F0B00B9CD2E /* Sources */ = {
			isa = PBXSourcesBuildPhase;
			buildActionMask = 2147483647;
			files = (
				B1C315942C635F0B00B9CD2E /* GymoryxUITestsLaunchTests.swift in Sources */,
				B1C315922C635F0B00B9CD2E /* GymoryxUITests.swift in Sources */,
			);
			runOnlyForDeploymentPostprocessing = 0;
		};
/* End PBXSourcesBuildPhase section */

/* Begin PBXTargetDependency section */
		B1C315852C635F0B00B9CD2E /* PBXTargetDependency */ = {
			isa = PBXTargetDependency;
			target = B1C315722C635F0900B9CD2E /* Gymoryx */;
			targetProxy = B1C315842C635F0B00B9CD2E /* PBXContainerItemProxy */;
		};
		B1C3158F2C635F0B00B9CD2E /* PBXTargetDependency */ = {
			isa = PBXTargetDependency;
			target = B1C315722C635F0900B9CD2E /* Gymoryx */;
			targetProxy = B1C3158E2C635F0B00B9CD2E /* PBXContainerItemProxy */;
		};
/* End PBXTargetDependency section */

/* Begin XCBuildConfiguration section */
		B1C315952C635F0B00B9CD2E /* Debug */ = {
			isa = XCBuildConfiguration;
			buildSettings = {
				ALWAYS_SEARCH_USER_PATHS = NO;
				ASSETCATALOG_COMPILER_GENERATE_SWIFT_ASSET_SYMBOL_EXTENSIONS = YES;
				CLANG_ANALYZER_NONNULL = YES;
				CLANG_ANALYZER_NUMBER_OBJECT_CONVERSION = YES_AGGRESSIVE;
				CLANG_CXX_LANGUAGE_STANDARD = "gnu++20";
				CLANG_ENABLE_MODULES = YES;
				CLANG_ENABLE_OBJC_ARC = YES;
				CLANG_ENABLE_OBJC_WEAK = YES;
				CLANG_WARN_BLOCK_CAPTURE_AUTORELEASING = YES;
				CLANG_WARN_BOOL_CONVERSION = YES;
				CLANG_WARN_COMMA = YES;
				CLANG_WARN_CONSTANT_CONVERSION = YES;
				CLANG_WARN_DEPRECATED_OBJC_IMPLEMENTATIONS = YES;
				CLANG_WARN_DIRECT_OBJC_ISA_USAGE = YES_ERROR;
				CLANG_WARN_DOCUMENTATION_COMMENTS = YES;
				CLANG_WARN_EMPTY_BODY = YES;
				CLANG_WARN_ENUM_CONVERSION = YES;
				CLANG_WARN_INFINITE_RECURSION = YES;
				CLANG_WARN_INT_CONVERSION = YES;
				CLANG_WARN_NON_LITERAL_NULL_CONVERSION = YES;
				CLANG_WARN_OBJC_IMPLICIT_RETAIN_SELF = YES;
				CLANG_WARN_OBJC_LITERAL_CONVERSION = YES;
				CLANG_WARN_OBJC_ROOT_CLASS = YES_ERROR;
				CLANG_WARN_QUOTED_INCLUDE_IN_FRAMEWORK_HEADER = YES;
				CLANG_WARN_RANGE_LOOP_ANALYSIS = YES;
				CLANG_WARN_STRICT_PROTOTYPES = YES;
				CLANG_WARN_SUSPICIOUS_MOVE = YES;
				CLANG_WARN_UNGUARDED_AVAILABILITY = YES_AGGRESSIVE;
				CLANG_WARN_UNREACHABLE_CODE = YES;
				CLANG_WARN__DUPLICATE_METHOD_MATCH = YES;
				COPY_PHASE_STRIP = NO;
				DEBUG_INFORMATION_FORMAT = dwarf;
				ENABLE_STRICT_OBJC_MSGSEND = YES;
				ENABLE_TESTABILITY = YES;
				ENABLE_USER_SCRIPT_SANDBOXING = YES;
				GCC_C_LANGUAGE_STANDARD = gnu17;
				GCC_DYNAMIC_NO_PIC = NO;
				GCC_NO_COMMON_BLOCKS = YES;
				GCC_OPTIMIZATION_LEVEL = 0;
				GCC_PREPROCESSOR_DEFINITIONS = (
					"DEBUG=1",
					"$(inherited)",
				);
				GCC_WARN_64_TO_32_BIT_CONVERSION = YES;
				GCC_WARN_ABOUT_RETURN_TYPE = YES_ERROR;
				GCC_WARN_UNDECLARED_SELECTOR = YES;
				GCC_WARN_UNINITIALIZED_AUTOS = YES_AGGRESSIVE;
				GCC_WARN_UNUSED_FUNCTION = YES;
				GCC_WARN_UNUSED_VARIABLE = YES;
				IPHONEOS_DEPLOYMENT_TARGET = 17.5;
				LOCALIZATION_PREFERS_STRING_CATALOGS = YES;
				MTL_ENABLE_DEBUG_INFO = INCLUDE_SOURCE;
				MTL_FAST_MATH = YES;
				ONLY_ACTIVE_ARCH = YES;
				SDKROOT = iphoneos;
				SWIFT_ACTIVE_COMPILATION_CONDITIONS = "DEBUG $(inherited)";
				SWIFT_OPTIMIZATION_LEVEL = "-Onone";
			};
			name = Debug;
		};
		B1C315962C635F0B00B9CD2E /* Release */ = {
			isa = XCBuildConfiguration;
			buildSettings = {
				ALWAYS_SEARCH_USER_PATHS = NO;
				ASSETCATALOG_COMPILER_GENERATE_SWIFT_ASSET_SYMBOL_EXTENSIONS = YES;
				CLANG_ANALYZER_NONNULL = YES;
				CLANG_ANALYZER_NUMBER_OBJECT_CONVERSION = YES_AGGRESSIVE;
				CLANG_CXX_LANGUAGE_STANDARD = "gnu++20";
				CLANG_ENABLE_MODULES = YES;
				CLANG_ENABLE_OBJC_ARC = YES;
				CLANG_ENABLE_OBJC_WEAK = YES;
				CLANG_WARN_BLOCK_CAPTURE_AUTORELEASING = YES;
				CLANG_WARN_BOOL_CONVERSION = YES;
				CLANG_WARN_COMMA = YES;
				CLANG_WARN_CONSTANT_CONVERSION = YES;
				CLANG_WARN_DEPRECATED_OBJC_IMPLEMENTATIONS = YES;
				CLANG_WARN_DIRECT_OBJC_ISA_USAGE = YES_ERROR;
				CLANG_WARN_DOCUMENTATION_COMMENTS = YES;
				CLANG_WARN_EMPTY_BODY = YES;
				CLANG_WARN_ENUM_CONVERSION = YES;
				CLANG_WARN_INFINITE_RECURSION = YES;
				CLANG_WARN_INT_CONVERSION = YES;
				CLANG_WARN_NON_LITERAL_NULL_CONVERSION = YES;
				CLANG_WARN_OBJC_IMPLICIT_RETAIN_SELF = YES;
				CLANG_WARN_OBJC_LITERAL_CONVERSION = YES;
				CLANG_WARN_OBJC_ROOT_CLASS = YES_ERROR;
				CLANG_WARN_QUOTED_INCLUDE_IN_FRAMEWORK_HEADER = YES;
				CLANG_WARN_RANGE_LOOP_ANALYSIS = YES;
				CLANG_WARN_STRICT_PROTOTYPES = YES;
				CLANG_WARN_SUSPICIOUS_MOVE = YES;
				CLANG_WARN_UNGUARDED_AVAILABILITY = YES_AGGRESSIVE;
				CLANG_WARN_UNREACHABLE_CODE = YES;
				CLANG_WARN__DUPLICATE_METHOD_MATCH = YES;
				COPY_PHASE_STRIP = NO;
				DEBUG_INFORMATION_FORMAT = "dwarf-with-dsym";
				ENABLE_NS_ASSERTIONS = NO;
				ENABLE_STRICT_OBJC_MSGSEND = YES;
				ENABLE_USER_SCRIPT_SANDBOXING = YES;
				GCC_C_LANGUAGE_STANDARD = gnu17;
				GCC_NO_COMMON_BLOCKS = YES;
				GCC_WARN_64_TO_32_BIT_CONVERSION = YES;
				GCC_WARN_ABOUT_RETURN_TYPE = YES_ERROR;
				GCC_WARN_UNDECLARED_SELECTOR = YES;
				GCC_WARN_UNINITIALIZED_AUTOS = YES_AGGRESSIVE;
				GCC_WARN_UNUSED_FUNCTION = YES;
				GCC_WARN_UNUSED_VARIABLE = YES;
				IPHONEOS_DEPLOYMENT_TARGET = 17.5;
				LOCALIZATION_PREFERS_STRING_CATALOGS = YES;
				MTL_ENABLE_DEBUG_INFO = NO;
				MTL_FAST_MATH = YES;
				SDKROOT = iphoneos;
				SWIFT_COMPILATION_MODE = wholemodule;
				VALIDATE_PRODUCT = YES;
			};
			name = Release;
		};
		B1C315982C635F0B00B9CD2E /* Debug */ = {
			isa = XCBuildConfiguration;
			buildSettings = {
				ASSETCATALOG_COMPILER_APPICON_NAME = AppIcon;
				ASSETCATALOG_COMPILER_GLOBAL_ACCENT_COLOR_NAME = AccentColor;
				CODE_SIGN_STYLE = Automatic;
				CURRENT_PROJECT_VERSION = 1;
				DEVELOPMENT_ASSET_PATHS = "\"Gymoryx/Preview Content\"";
				DEVELOPMENT_TEAM = U5BJUGD7KV;
				ENABLE_PREVIEWS = YES;
				GENERATE_INFOPLIST_FILE = YES;
				INFOPLIST_KEY_UIApplicationSceneManifest_Generation = YES;
				INFOPLIST_KEY_UIApplicationSupportsIndirectInputEvents = YES;
				INFOPLIST_KEY_UILaunchScreen_Generation = YES;
				INFOPLIST_KEY_UISupportedInterfaceOrientations_iPad = "UIInterfaceOrientationPortrait UIInterfaceOrientationPortraitUpsideDown UIInterfaceOrientationLandscapeLeft UIInterfaceOrientationLandscapeRight";
				INFOPLIST_KEY_UISupportedInterfaceOrientations_iPhone = "UIInterfaceOrientationPortrait UIInterfaceOrientationLandscapeLeft UIInterfaceOrientationLandscapeRight";
				LD_RUNPATH_SEARCH_PATHS = (
					"$(inherited)",
					"@executable_path/Frameworks",
				);
				MARKETING_VERSION = 1.0;
				PRODUCT_BUNDLE_IDENTIFIER = com.Sattyada.Gymoryx;
				PRODUCT_NAME = "$(TARGET_NAME)";
				SWIFT_EMIT_LOC_STRINGS = YES;
				SWIFT_VERSION = 5.0;
				TARGETED_DEVICE_FAMILY = "1,2";
			};
			name = Debug;
		};
		B1C315992C635F0B00B9CD2E /* Release */ = {
			isa = XCBuildConfiguration;
			buildSettings = {
				ASSETCATALOG_COMPILER_APPICON_NAME = AppIcon;
				ASSETCATALOG_COMPILER_GLOBAL_ACCENT_COLOR_NAME = AccentColor;
				CODE_SIGN_STYLE = Automatic;
				CURRENT_PROJECT_VERSION = 1;
				DEVELOPMENT_ASSET_PATHS = "\"Gymoryx/Preview Content\"";
				DEVELOPMENT_TEAM = U5BJUGD7KV;
				ENABLE_PREVIEWS = YES;
				GENERATE_INFOPLIST_FILE = YES;
				INFOPLIST_KEY_UIApplicationSceneManifest_Generation = YES;
				INFOPLIST_KEY_UIApplicationSupportsIndirectInputEvents = YES;
				INFOPLIST_KEY_UILaunchScreen_Generation = YES;
				INFOPLIST_KEY_UISupportedInterfaceOrientations_iPad = "UIInterfaceOrientationPortrait UIInterfaceOrientationPortraitUpsideDown UIInterfaceOrientationLandscapeLeft UIInterfaceOrientationLandscapeRight";
				INFOPLIST_KEY_UISupportedInterfaceOrientations_iPhone = "UIInterfaceOrientationPortrait UIInterfaceOrientationLandscapeLeft UIInterfaceOrientationLandscapeRight";
				LD_RUNPATH_SEARCH_PATHS = (
					"$(inherited)",
					"@executable_path/Frameworks",
				);
				MARKETING_VERSION = 1.0;
				PRODUCT_BUNDLE_IDENTIFIER = com.Sattyada.Gymoryx;
				PRODUCT_NAME = "$(TARGET_NAME)";
				SWIFT_EMIT_LOC_STRINGS = YES;
				SWIFT_VERSION = 5.0;
				TARGETED_DEVICE_FAMILY = "1,2";
			};
			name = Release;
		};
		B1C3159B2C635F0B00B9CD2E /* Debug */ = {
			isa = XCBuildConfiguration;
			buildSettings = {
				ALWAYS_EMBED_SWIFT_STANDARD_LIBRARIES = YES;
				BUNDLE_LOADER = "$(TEST_HOST)";
				CODE_SIGN_STYLE = Automatic;
				CURRENT_PROJECT_VERSION = 1;
				DEVELOPMENT_TEAM = U5BJUGD7KV;
				GENERATE_INFOPLIST_FILE = YES;
				IPHONEOS_DEPLOYMENT_TARGET = 17.5;
				MARKETING_VERSION = 1.0;
				PRODUCT_BUNDLE_IDENTIFIER = com.Sattyada.GymoryxTests;
				PRODUCT_NAME = "$(TARGET_NAME)";
				SWIFT_EMIT_LOC_STRINGS = NO;
				SWIFT_VERSION = 5.0;
				TARGETED_DEVICE_FAMILY = "1,2";
				TEST_HOST = "$(BUILT_PRODUCTS_DIR)/Gymoryx.app/$(BUNDLE_EXECUTABLE_FOLDER_PATH)/Gymoryx";
			};
			name = Debug;
		};
		B1C3159C2C635F0B00B9CD2E /* Release */ = {
			isa = XCBuildConfiguration;
			buildSettings = {
				ALWAYS_EMBED_SWIFT_STANDARD_LIBRARIES = YES;
				BUNDLE_LOADER = "$(TEST_HOST)";
				CODE_SIGN_STYLE = Automatic;
				CURRENT_PROJECT_VERSION = 1;
				DEVELOPMENT_TEAM = U5BJUGD7KV;
				GENERATE_INFOPLIST_FILE = YES;
				IPHONEOS_DEPLOYMENT_TARGET = 17.5;
				MARKETING_VERSION = 1.0;
				PRODUCT_BUNDLE_IDENTIFIER = com.Sattyada.GymoryxTests;
				PRODUCT_NAME = "$(TARGET_NAME)";
				SWIFT_EMIT_LOC_STRINGS = NO;
				SWIFT_VERSION = 5.0;
				TARGETED_DEVICE_FAMILY = "1,2";
				TEST_HOST = "$(BUILT_PRODUCTS_DIR)/Gymoryx.app/$(BUNDLE_EXECUTABLE_FOLDER_PATH)/Gymoryx";
			};
			name = Release;
		};
		B1C3159E2C635F0B00B9CD2E /* Debug */ = {
			isa = XCBuildConfiguration;
			buildSettings = {
				ALWAYS_EMBED_SWIFT_STANDARD_LIBRARIES = YES;
				CODE_SIGN_STYLE = Automatic;
				CURRENT_PROJECT_VERSION = 1;
				DEVELOPMENT_TEAM = U5BJUGD7KV;
				GENERATE_INFOPLIST_FILE = YES;
				MARKETING_VERSION = 1.0;
				PRODUCT_BUNDLE_IDENTIFIER = com.Sattyada.GymoryxUITests;
				PRODUCT_NAME = "$(TARGET_NAME)";
				SWIFT_EMIT_LOC_STRINGS = NO;
				SWIFT_VERSION = 5.0;
				TARGETED_DEVICE_FAMILY = "1,2";
				TEST_TARGET_NAME = Gymoryx;
			};
			name = Debug;
		};
		B1C3159F2C635F0B00B9CD2E /* Release */ = {
			isa = XCBuildConfiguration;
			buildSettings = {
				ALWAYS_EMBED_SWIFT_STANDARD_LIBRARIES = YES;
				CODE_SIGN_STYLE = Automatic;
				CURRENT_PROJECT_VERSION = 1;
				DEVELOPMENT_TEAM = U5BJUGD7KV;
				GENERATE_INFOPLIST_FILE = YES;
				MARKETING_VERSION = 1.0;
				PRODUCT_BUNDLE_IDENTIFIER = com.Sattyada.GymoryxUITests;
				PRODUCT_NAME = "$(TARGET_NAME)";
				SWIFT_EMIT_LOC_STRINGS = NO;
				SWIFT_VERSION = 5.0;
				TARGETED_DEVICE_FAMILY = "1,2";
				TEST_TARGET_NAME = Gymoryx;
			};
			name = Release;
		};
/* End XCBuildConfiguration section */

/* Begin XCConfigurationList section */
		B1C3156E2C635F0900B9CD2E /* Build configuration list for PBXProject "Gymoryx" */ = {
			isa = XCConfigurationList;
			buildConfigurations = (
				B1C315952C635F0B00B9CD2E /* Debug */,
				B1C315962C635F0B00B9CD2E /* Release */,
			);
			defaultConfigurationIsVisible = 0;
			defaultConfigurationName = Release;
		};
		B1C315972C635F0B00B9CD2E /* Build configuration list for PBXNativeTarget "Gymoryx" */ = {
			isa = XCConfigurationList;
			buildConfigurations = (
				B1C315982C635F0B00B9CD2E /* Debug */,
				B1C315992C635F0B00B9CD2E /* Release */,
			);
			defaultConfigurationIsVisible = 0;
			defaultConfigurationName = Release;
		};
		B1C3159A2C635F0B00B9CD2E /* Build configuration list for PBXNativeTarget "GymoryxTests" */ = {
			isa = XCConfigurationList;
			buildConfigurations = (
				B1C3159B2C635F0B00B9CD2E /* Debug */,
				B1C3159C2C635F0B00B9CD2E /* Release */,
			);
			defaultConfigurationIsVisible = 0;
			defaultConfigurationName = Release;
		};
		B1C3159D2C635F0B00B9CD2E /* Build configuration list for PBXNativeTarget "GymoryxUITests" */ = {
			isa = XCConfigurationList;
			buildConfigurations = (
				B1C3159E2C635F0B00B9CD2E /* Debug */,
				B1C3159F2C635F0B00B9CD2E /* Release */,
			);
			defaultConfigurationIsVisible = 0;
			defaultConfigurationName = Release;
		};
/* End XCConfigurationList section */
	};
	rootObject = B1C3156B2C635F0900B9CD2E /* Project object */;
}
